
Microsoft Visual Studio Solution File, Format Version 12.00
# Visual Studio Version 17
VisualStudioVersion = 17.8.34309.116
MinimumVisualStudioVersion = 10.0.40219.1
Project("{9A19103F-16F7-4668-BE54-9A1E7A4F7556}") = "Kris.Client", "Kris.Client.csproj", "{673DA697-2DDE-4AA5-B79C-DB06C0DF8793}"
EndProject
Project("{9A19103F-16F7-4668-BE54-9A1E7A4F7556}") = "Kris.Common", "..\..\Common\Kris.Common\Kris.Common.csproj", "{8354F31C-94F0-4F9E-82EC-57A5822B905A}"
EndProject
Project("{9A19103F-16F7-4668-BE54-9A1E7A4F7556}") = "Kris.Interface", "..\..\Common\Kris.Interface\Kris.Interface.csproj", "{A5B10D7D-3A2C-4F33-BEF6-C1DCDBDC2A2A}"
EndProject
Project("{FAE04EC0-301F-11D3-BF4B-00C04F79EFBC}") = "Kris.Client.Core", "..\Kris.Client.Core\Kris.Client.Core.csproj", "{B47F4F07-13CE-4433-BFB6-2BD35AA80F16}"
EndProject
Project("{FAE04EC0-301F-11D3-BF4B-00C04F79EFBC}") = "Kris.Client.Data", "..\Kris.Client.Data\Kris.Client.Data.csproj", "{752D795F-9BBB-4953-8CCA-52A87C2E88DC}"
EndProject
Project("{FAE04EC0-301F-11D3-BF4B-00C04F79EFBC}") = "Kris.Client.Common", "..\Kris.Client.Common\Kris.Client.Common.csproj", "{8CB2BA7F-BE31-40AB-8F1E-F39274718AD4}"
EndProject
Project("{FAE04EC0-301F-11D3-BF4B-00C04F79EFBC}") = "Kris.Client.Connection", "..\Kris.Client.Connection\Kris.Client.Connection.csproj", "{A94E3A00-C2FF-45CA-8D1C-51DEC4CE4059}"
EndProject
Global
	GlobalSection(SolutionConfigurationPlatforms) = preSolution
		Debug|Any CPU = Debug|Any CPU
		Release|Any CPU = Release|Any CPU
	EndGlobalSection
	GlobalSection(ProjectConfigurationPlatforms) = postSolution
		{673DA697-2DDE-4AA5-B79C-DB06C0DF8793}.Debug|Any CPU.ActiveCfg = Debug|Any CPU
		{673DA697-2DDE-4AA5-B79C-DB06C0DF8793}.Debug|Any CPU.Build.0 = Debug|Any CPU
		{673DA697-2DDE-4AA5-B79C-DB06C0DF8793}.Debug|Any CPU.Deploy.0 = Debug|Any CPU
		{673DA697-2DDE-4AA5-B79C-DB06C0DF8793}.Release|Any CPU.ActiveCfg = Release|Any CPU
		{673DA697-2DDE-4AA5-B79C-DB06C0DF8793}.Release|Any CPU.Build.0 = Release|Any CPU
		{673DA697-2DDE-4AA5-B79C-DB06C0DF8793}.Release|Any CPU.Deploy.0 = Release|Any CPU
		{8354F31C-94F0-4F9E-82EC-57A5822B905A}.Debug|Any CPU.ActiveCfg = Debug|Any CPU
		{8354F31C-94F0-4F9E-82EC-57A5822B905A}.Debug|Any CPU.Build.0 = Debug|Any CPU
		{8354F31C-94F0-4F9E-82EC-57A5822B905A}.Release|Any CPU.ActiveCfg = Release|Any CPU
		{8354F31C-94F0-4F9E-82EC-57A5822B905A}.Release|Any CPU.Build.0 = Release|Any CPU
		{A5B10D7D-3A2C-4F33-BEF6-C1DCDBDC2A2A}.Debug|Any CPU.ActiveCfg = Debug|Any CPU
		{A5B10D7D-3A2C-4F33-BEF6-C1DCDBDC2A2A}.Debug|Any CPU.Build.0 = Debug|Any CPU
		{A5B10D7D-3A2C-4F33-BEF6-C1DCDBDC2A2A}.Release|Any CPU.ActiveCfg = Release|Any CPU
		{A5B10D7D-3A2C-4F33-BEF6-C1DCDBDC2A2A}.Release|Any CPU.Build.0 = Release|Any CPU
		{B47F4F07-13CE-4433-BFB6-2BD35AA80F16}.Debug|Any CPU.ActiveCfg = Debug|Any CPU
		{B47F4F07-13CE-4433-BFB6-2BD35AA80F16}.Debug|Any CPU.Build.0 = Debug|Any CPU
		{B47F4F07-13CE-4433-BFB6-2BD35AA80F16}.Release|Any CPU.ActiveCfg = Release|Any CPU
		{B47F4F07-13CE-4433-BFB6-2BD35AA80F16}.Release|Any CPU.Build.0 = Release|Any CPU
		{752D795F-9BBB-4953-8CCA-52A87C2E88DC}.Debug|Any CPU.ActiveCfg = Debug|Any CPU
		{752D795F-9BBB-4953-8CCA-52A87C2E88DC}.Debug|Any CPU.Build.0 = Debug|Any CPU
		{752D795F-9BBB-4953-8CCA-52A87C2E88DC}.Release|Any CPU.ActiveCfg = Release|Any CPU
		{752D795F-9BBB-4953-8CCA-52A87C2E88DC}.Release|Any CPU.Build.0 = Release|Any CPU
		{8CB2BA7F-BE31-40AB-8F1E-F39274718AD4}.Debug|Any CPU.ActiveCfg = Debug|Any CPU
		{8CB2BA7F-BE31-40AB-8F1E-F39274718AD4}.Debug|Any CPU.Build.0 = Debug|Any CPU
		{8CB2BA7F-BE31-40AB-8F1E-F39274718AD4}.Release|Any CPU.ActiveCfg = Release|Any CPU
		{8CB2BA7F-BE31-40AB-8F1E-F39274718AD4}.Release|Any CPU.Build.0 = Release|Any CPU
		{A94E3A00-C2FF-45CA-8D1C-51DEC4CE4059}.Debug|Any CPU.ActiveCfg = Debug|Any CPU
		{A94E3A00-C2FF-45CA-8D1C-51DEC4CE4059}.Debug|Any CPU.Build.0 = Debug|Any CPU
		{A94E3A00-C2FF-45CA-8D1C-51DEC4CE4059}.Release|Any CPU.ActiveCfg = Release|Any CPU
		{A94E3A00-C2FF-45CA-8D1C-51DEC4CE4059}.Release|Any CPU.Build.0 = Release|Any CPU
	EndGlobalSection
	GlobalSection(SolutionProperties) = preSolution
		HideSolutionNode = FALSE
	EndGlobalSection
	GlobalSection(ExtensibilityGlobals) = postSolution
		SolutionGuid = {0D6D7870-8080-4653-836C-948F11078102}
	EndGlobalSection
EndGlobal
