
Microsoft Visual Studio Solution File, Format Version 12.00
# Visual Studio Version 17
VisualStudioVersion = 17.7.34009.444
MinimumVisualStudioVersion = 10.0.40219.1
Project("{9A19103F-16F7-4668-BE54-9A1E7A4F7556}") = "Kris.Server", "Kris.Server.csproj", "{2C5CFDD8-868B-43D9-813A-42262956BADE}"
EndProject
Project("{9A19103F-16F7-4668-BE54-9A1E7A4F7556}") = "Kris.Interface", "..\Kris.Interface\Kris.Interface.csproj", "{789DD69A-B799-41D3-A9DF-9B2A6EB06036}"
EndProject
Project("{9A19103F-16F7-4668-BE54-9A1E7A4F7556}") = "Kris.Server.Data", "..\Kris.Server.Data\Kris.Server.Data.csproj", "{EE451750-9844-4588-9830-89C957F258D3}"
EndProject
Global
	GlobalSection(SolutionConfigurationPlatforms) = preSolution
		Debug|Any CPU = Debug|Any CPU
		Release|Any CPU = Release|Any CPU
	EndGlobalSection
	GlobalSection(ProjectConfigurationPlatforms) = postSolution
		{2C5CFDD8-868B-43D9-813A-42262956BADE}.Debug|Any CPU.ActiveCfg = Debug|Any CPU
		{2C5CFDD8-868B-43D9-813A-42262956BADE}.Debug|Any CPU.Build.0 = Debug|Any CPU
		{2C5CFDD8-868B-43D9-813A-42262956BADE}.Release|Any CPU.ActiveCfg = Release|Any CPU
		{2C5CFDD8-868B-43D9-813A-42262956BADE}.Release|Any CPU.Build.0 = Release|Any CPU
		{789DD69A-B799-41D3-A9DF-9B2A6EB06036}.Debug|Any CPU.ActiveCfg = Debug|Any CPU
		{789DD69A-B799-41D3-A9DF-9B2A6EB06036}.Debug|Any CPU.Build.0 = Debug|Any CPU
		{789DD69A-B799-41D3-A9DF-9B2A6EB06036}.Release|Any CPU.ActiveCfg = Release|Any CPU
		{789DD69A-B799-41D3-A9DF-9B2A6EB06036}.Release|Any CPU.Build.0 = Release|Any CPU
		{EE451750-9844-4588-9830-89C957F258D3}.Debug|Any CPU.ActiveCfg = Debug|Any CPU
		{EE451750-9844-4588-9830-89C957F258D3}.Debug|Any CPU.Build.0 = Debug|Any CPU
		{EE451750-9844-4588-9830-89C957F258D3}.Release|Any CPU.ActiveCfg = Release|Any CPU
		{EE451750-9844-4588-9830-89C957F258D3}.Release|Any CPU.Build.0 = Release|Any CPU
	EndGlobalSection
	GlobalSection(SolutionProperties) = preSolution
		HideSolutionNode = FALSE
	EndGlobalSection
	GlobalSection(ExtensibilityGlobals) = postSolution
		SolutionGuid = {CF5179A7-3AC4-452B-B3C5-F85DD293E422}
	EndGlobalSection
EndGlobal
